
Microsoft Visual Studio Solution File, Format Version 12.00
# Visual Studio Version 16
VisualStudioVersion = 16.0.30523.141
MinimumVisualStudioVersion = 10.0.40219.1
Project("{FAE04EC0-301F-11D3-BF4B-00C04F79EFBC}") = "Sprit 1", "Sprit 1\Sprit 1.csproj", "{2C3FDFA2-C40A-4215-A259-97774B80A48F}"
EndProject
Global
	GlobalSection(SolutionConfigurationPlatforms) = preSolution
		Debug|Any CPU = Debug|Any CPU
		Release|Any CPU = Release|Any CPU
	EndGlobalSection
	GlobalSection(ProjectConfigurationPlatforms) = postSolution
		{2C3FDFA2-C40A-4215-A259-97774B80A48F}.Debug|Any CPU.ActiveCfg = Debug|Any CPU
		{2C3FDFA2-C40A-4215-A259-97774B80A48F}.Debug|Any CPU.Build.0 = Debug|Any CPU
		{2C3FDFA2-C40A-4215-A259-97774B80A48F}.Release|Any CPU.ActiveCfg = Release|Any CPU
		{2C3FDFA2-C40A-4215-A259-97774B80A48F}.Release|Any CPU.Build.0 = Release|Any CPU
	EndGlobalSection
	GlobalSection(SolutionProperties) = preSolution
		HideSolutionNode = FALSE
	EndGlobalSection
	GlobalSection(ExtensibilityGlobals) = postSolution
		SolutionGuid = {A5ECDFBE-3BA5-4665-A526-F66337CE0B9F}
	EndGlobalSection
EndGlobal
